
Microsoft Visual Studio Solution File, Format Version 12.00
Project("{FAE04EC0-301F-11D3-BF4B-00C04F79EFBC}") = "MapServer", "MapServer\MapServer.csproj", "{1446A5AC-6DDE-4EC6-93C7-09A5E55C2F8E}"
EndProject
Project("{FAE04EC0-301F-11D3-BF4B-00C04F79EFBC}") = "TileMapCore", "TileMapCore\TileMapCore.csproj", "{C68C870C-2D17-4B5A-B35C-8BC8556149E5}"
EndProject
Project("{FAE04EC0-301F-11D3-BF4B-00C04F79EFBC}") = "Constants", "Constants\Constants.csproj", "{C3E35FFE-924D-427D-90EA-9DA2956B14A8}"
EndProject
Project("{FAE04EC0-301F-11D3-BF4B-00C04F79EFBC}") = "Tests", "Tests\Tests.csproj", "{475B9BC9-C135-4D3D-A561-B009BBB231BF}"
EndProject
Project("{FAE04EC0-301F-11D3-BF4B-00C04F79EFBC}") = "ObjectLayerModule", "ObjectLayerModule\ObjectLayerModule.csproj", "{13CFDE8D-5F5C-4B67-BCFE-7CEB24E5A24D}"
EndProject
Project("{FAE04EC0-301F-11D3-BF4B-00C04F79EFBC}") = "DAL.Core", "DAL.Core\DAL.Core.csproj", "{D6565A9E-F2E4-4FBF-AABB-6F46DB59E084}"
EndProject
Project("{FAE04EC0-301F-11D3-BF4B-00C04F79EFBC}") = "Common", "Common\Common.csproj", "{11E64882-2B3F-45A5-8A40-78E85F564DC2}"
EndProject
Project("{FAE04EC0-301F-11D3-BF4B-00C04F79EFBC}") = "RegionModule", "RegionModule\RegionModule.csproj", "{BA13E4BE-A70B-4F3C-B7D5-D3B4E0E52506}"
EndProject
Project("{FAE04EC0-301F-11D3-BF4B-00C04F79EFBC}") = "DataContracts", "DataContracts\DataContracts.csproj", "{8F13DA4F-E605-4310-A885-3101A77AC152}"
EndProject
Project("{2150E333-8FDC-42A3-9474-1A3956D46DE8}") = "Solution Items", "Solution Items", "{0DE2989E-A721-47AE-B0E9-734D24FD0D9E}"
	ProjectSection(SolutionItems) = preProject
		compose.yaml = compose.yaml
	EndProjectSection
EndProject
Project("{FAE04EC0-301F-11D3-BF4B-00C04F79EFBC}") = "MapClient", "MapClient\MapClient.csproj", "{BA9E6DB9-6311-4678-8349-C3E3711030A0}"
EndProject
Global
	GlobalSection(SolutionConfigurationPlatforms) = preSolution
		Debug|Any CPU = Debug|Any CPU
		Release|Any CPU = Release|Any CPU
	EndGlobalSection
	GlobalSection(ProjectConfigurationPlatforms) = postSolution
		{1446A5AC-6DDE-4EC6-93C7-09A5E55C2F8E}.Debug|Any CPU.ActiveCfg = Debug|Any CPU
		{1446A5AC-6DDE-4EC6-93C7-09A5E55C2F8E}.Debug|Any CPU.Build.0 = Debug|Any CPU
		{1446A5AC-6DDE-4EC6-93C7-09A5E55C2F8E}.Release|Any CPU.ActiveCfg = Release|Any CPU
		{1446A5AC-6DDE-4EC6-93C7-09A5E55C2F8E}.Release|Any CPU.Build.0 = Release|Any CPU
		{C68C870C-2D17-4B5A-B35C-8BC8556149E5}.Debug|Any CPU.ActiveCfg = Debug|Any CPU
		{C68C870C-2D17-4B5A-B35C-8BC8556149E5}.Debug|Any CPU.Build.0 = Debug|Any CPU
		{C68C870C-2D17-4B5A-B35C-8BC8556149E5}.Release|Any CPU.ActiveCfg = Release|Any CPU
		{C68C870C-2D17-4B5A-B35C-8BC8556149E5}.Release|Any CPU.Build.0 = Release|Any CPU
		{C3E35FFE-924D-427D-90EA-9DA2956B14A8}.Debug|Any CPU.ActiveCfg = Debug|Any CPU
		{C3E35FFE-924D-427D-90EA-9DA2956B14A8}.Debug|Any CPU.Build.0 = Debug|Any CPU
		{C3E35FFE-924D-427D-90EA-9DA2956B14A8}.Release|Any CPU.ActiveCfg = Release|Any CPU
		{C3E35FFE-924D-427D-90EA-9DA2956B14A8}.Release|Any CPU.Build.0 = Release|Any CPU
		{475B9BC9-C135-4D3D-A561-B009BBB231BF}.Debug|Any CPU.ActiveCfg = Debug|Any CPU
		{475B9BC9-C135-4D3D-A561-B009BBB231BF}.Debug|Any CPU.Build.0 = Debug|Any CPU
		{475B9BC9-C135-4D3D-A561-B009BBB231BF}.Release|Any CPU.ActiveCfg = Release|Any CPU
		{475B9BC9-C135-4D3D-A561-B009BBB231BF}.Release|Any CPU.Build.0 = Release|Any CPU
		{13CFDE8D-5F5C-4B67-BCFE-7CEB24E5A24D}.Debug|Any CPU.ActiveCfg = Debug|Any CPU
		{13CFDE8D-5F5C-4B67-BCFE-7CEB24E5A24D}.Debug|Any CPU.Build.0 = Debug|Any CPU
		{13CFDE8D-5F5C-4B67-BCFE-7CEB24E5A24D}.Release|Any CPU.ActiveCfg = Release|Any CPU
		{13CFDE8D-5F5C-4B67-BCFE-7CEB24E5A24D}.Release|Any CPU.Build.0 = Release|Any CPU
		{D6565A9E-F2E4-4FBF-AABB-6F46DB59E084}.Debug|Any CPU.ActiveCfg = Debug|Any CPU
		{D6565A9E-F2E4-4FBF-AABB-6F46DB59E084}.Debug|Any CPU.Build.0 = Debug|Any CPU
		{D6565A9E-F2E4-4FBF-AABB-6F46DB59E084}.Release|Any CPU.ActiveCfg = Release|Any CPU
		{D6565A9E-F2E4-4FBF-AABB-6F46DB59E084}.Release|Any CPU.Build.0 = Release|Any CPU
		{11E64882-2B3F-45A5-8A40-78E85F564DC2}.Debug|Any CPU.ActiveCfg = Debug|Any CPU
		{11E64882-2B3F-45A5-8A40-78E85F564DC2}.Debug|Any CPU.Build.0 = Debug|Any CPU
		{11E64882-2B3F-45A5-8A40-78E85F564DC2}.Release|Any CPU.ActiveCfg = Release|Any CPU
		{11E64882-2B3F-45A5-8A40-78E85F564DC2}.Release|Any CPU.Build.0 = Release|Any CPU
		{BA13E4BE-A70B-4F3C-B7D5-D3B4E0E52506}.Debug|Any CPU.ActiveCfg = Debug|Any CPU
		{BA13E4BE-A70B-4F3C-B7D5-D3B4E0E52506}.Debug|Any CPU.Build.0 = Debug|Any CPU
		{BA13E4BE-A70B-4F3C-B7D5-D3B4E0E52506}.Release|Any CPU.ActiveCfg = Release|Any CPU
		{BA13E4BE-A70B-4F3C-B7D5-D3B4E0E52506}.Release|Any CPU.Build.0 = Release|Any CPU
		{8F13DA4F-E605-4310-A885-3101A77AC152}.Debug|Any CPU.ActiveCfg = Debug|Any CPU
		{8F13DA4F-E605-4310-A885-3101A77AC152}.Debug|Any CPU.Build.0 = Debug|Any CPU
		{8F13DA4F-E605-4310-A885-3101A77AC152}.Release|Any CPU.ActiveCfg = Release|Any CPU
		{8F13DA4F-E605-4310-A885-3101A77AC152}.Release|Any CPU.Build.0 = Release|Any CPU
		{BA9E6DB9-6311-4678-8349-C3E3711030A0}.Debug|Any CPU.ActiveCfg = Debug|Any CPU
		{BA9E6DB9-6311-4678-8349-C3E3711030A0}.Debug|Any CPU.Build.0 = Debug|Any CPU
		{BA9E6DB9-6311-4678-8349-C3E3711030A0}.Release|Any CPU.ActiveCfg = Release|Any CPU
		{BA9E6DB9-6311-4678-8349-C3E3711030A0}.Release|Any CPU.Build.0 = Release|Any CPU
	EndGlobalSection
EndGlobal
